
Microsoft Visual Studio Solution File, Format Version 12.00
# Visual Studio Version 17
VisualStudioVersion = 17.11.35303.130
MinimumVisualStudioVersion = 10.0.40219.1
Project("{FAE04EC0-301F-11D3-BF4B-00C04F79EFBC}") = "ExemplosMultithreading", "ExemplosMultithreading\ExemplosMultithreading.csproj", "{ADB802CB-2DAA-4722-9287-E1C3EEB44D61}"
EndProject
Global
	GlobalSection(SolutionConfigurationPlatforms) = preSolution
		Debug|Any CPU = Debug|Any CPU
		Release|Any CPU = Release|Any CPU
	EndGlobalSection
	GlobalSection(ProjectConfigurationPlatforms) = postSolution
		{ADB802CB-2DAA-4722-9287-E1C3EEB44D61}.Debug|Any CPU.ActiveCfg = Debug|Any CPU
		{ADB802CB-2DAA-4722-9287-E1C3EEB44D61}.Debug|Any CPU.Build.0 = Debug|Any CPU
		{ADB802CB-2DAA-4722-9287-E1C3EEB44D61}.Release|Any CPU.ActiveCfg = Release|Any CPU
		{ADB802CB-2DAA-4722-9287-E1C3EEB44D61}.Release|Any CPU.Build.0 = Release|Any CPU
	EndGlobalSection
	GlobalSection(SolutionProperties) = preSolution
		HideSolutionNode = FALSE
	EndGlobalSection
	GlobalSection(ExtensibilityGlobals) = postSolution
		SolutionGuid = {F701CE81-A7E6-4597-B391-3571B13C32B5}
	EndGlobalSection
EndGlobal
